// !$*UTF8*$!
{
	archiveVersion = 1;
	classes = {
	};
	objectVersion = 46;
	objects = {

/* Begin PBXBuildFile section */
		359F831F1CFFEBB400273C66 /* main.cpp in Sources */ = {isa = PBXBuildFile; fileRef = 359F831E1CFFEBB400273C66 /* main.cpp */; };
		359F832A1CFFED2A00273C66 /* libboost_chrono-mt.dylib in Frameworks */ = {isa = PBXBuildFile; fileRef = 359F83261CFFED2A00273C66 /* libboost_chrono-mt.dylib */; };
		359F832B1CFFED2A00273C66 /* libboost_system-mt.dylib in Frameworks */ = {isa = PBXBuildFile; fileRef = 359F83271CFFED2A00273C66 /* libboost_system-mt.dylib */; };
		359F832C1CFFED2A00273C66 /* libboost_thread-mt.dylib in Frameworks */ = {isa = PBXBuildFile; fileRef = 359F83281CFFED2A00273C66 /* libboost_thread-mt.dylib */; };
		359F832D1CFFED2A00273C66 /* libcpprest.2.8.dylib in Frameworks */ = {isa = PBXBuildFile; fileRef = 359F83291CFFED2A00273C66 /* libcpprest.2.8.dylib */; };
		359F83301CFFED4500273C66 /* libcrypto.1.0.0.dylib in Frameworks */ = {isa = PBXBuildFile; fileRef = 359F832E1CFFED4500273C66 /* libcrypto.1.0.0.dylib */; };
		359F83311CFFED4500273C66 /* libssl.1.0.0.dylib in Frameworks */ = {isa = PBXBuildFile; fileRef = 359F832F1CFFED4500273C66 /* libssl.1.0.0.dylib */; };
		359F83331CFFED5300273C66 /* CoreFoundation.framework in Frameworks */ = {isa = PBXBuildFile; fileRef = 359F83321CFFED5300273C66 /* CoreFoundation.framework */; };
		359F83361CFFEDAF00273C66 /* user.cpp in Sources */ = {isa = PBXBuildFile; fileRef = 359F83341CFFEDAF00273C66 /* user.cpp */; };
		359F833C1CFFEFC400273C66 /* md5.cpp in Sources */ = {isa = PBXBuildFile; fileRef = 359F833A1CFFEFC400273C66 /* md5.cpp */; };
/* End PBXBuildFile section */

/* Begin PBXCopyFilesBuildPhase section */
		359F83191CFFEBB400273C66 /* CopyFiles */ = {
			isa = PBXCopyFilesBuildPhase;
			buildActionMask = 2147483647;
			dstPath = /usr/share/man/man1/;
			dstSubfolderSpec = 0;
			files = (
			);
			runOnlyForDeploymentPostprocessing = 1;
		};
/* End PBXCopyFilesBuildPhase section */

/* Begin PBXFileReference section */
		359F831B1CFFEBB400273C66 /* Client */ = {isa = PBXFileReference; explicitFileType = "compiled.mach-o.executable"; includeInIndex = 0; path = Client; sourceTree = BUILT_PRODUCTS_DIR; };
		359F831E1CFFEBB400273C66 /* main.cpp */ = {isa = PBXFileReference; lastKnownFileType = sourcecode.cpp.cpp; path = main.cpp; sourceTree = "<group>"; };
		359F83251CFFEC0900273C66 /* client.h */ = {isa = PBXFileReference; lastKnownFileType = sourcecode.c.h; path = client.h; sourceTree = "<group>"; };
		359F83261CFFED2A00273C66 /* libboost_chrono-mt.dylib */ = {isa = PBXFileReference; lastKnownFileType = "compiled.mach-o.dylib"; name = "libboost_chrono-mt.dylib"; path = "../../../../usr/local/lib/libboost_chrono-mt.dylib"; sourceTree = "<group>"; };
		359F83271CFFED2A00273C66 /* libboost_system-mt.dylib */ = {isa = PBXFileReference; lastKnownFileType = "compiled.mach-o.dylib"; name = "libboost_system-mt.dylib"; path = "../../../../usr/local/lib/libboost_system-mt.dylib"; sourceTree = "<group>"; };
		359F83281CFFED2A00273C66 /* libboost_thread-mt.dylib */ = {isa = PBXFileReference; lastKnownFileType = "compiled.mach-o.dylib"; name = "libboost_thread-mt.dylib"; path = "../../../../usr/local/lib/libboost_thread-mt.dylib"; sourceTree = "<group>"; };
		359F83291CFFED2A00273C66 /* libcpprest.2.8.dylib */ = {isa = PBXFileReference; lastKnownFileType = "compiled.mach-o.dylib"; name = libcpprest.2.8.dylib; path = ../../../../usr/local/lib/libcpprest.2.8.dylib; sourceTree = "<group>"; };
		359F832E1CFFED4500273C66 /* libcrypto.1.0.0.dylib */ = {isa = PBXFileReference; lastKnownFileType = "compiled.mach-o.dylib"; name = libcrypto.1.0.0.dylib; path = ../../../../usr/local/Cellar/openssl/1.0.2h_1/lib/libcrypto.1.0.0.dylib; sourceTree = "<group>"; };
		359F832F1CFFED4500273C66 /* libssl.1.0.0.dylib */ = {isa = PBXFileReference; lastKnownFileType = "compiled.mach-o.dylib"; name = libssl.1.0.0.dylib; path = ../../../../usr/local/Cellar/openssl/1.0.2h_1/lib/libssl.1.0.0.dylib; sourceTree = "<group>"; };
		359F83321CFFED5300273C66 /* CoreFoundation.framework */ = {isa = PBXFileReference; lastKnownFileType = wrapper.framework; name = CoreFoundation.framework; path = System/Library/Frameworks/CoreFoundation.framework; sourceTree = SDKROOT; };
		359F83341CFFEDAF00273C66 /* user.cpp */ = {isa = PBXFileReference; fileEncoding = 4; lastKnownFileType = sourcecode.cpp.cpp; path = user.cpp; sourceTree = "<group>"; };
		359F83351CFFEDAF00273C66 /* user.hpp */ = {isa = PBXFileReference; fileEncoding = 4; lastKnownFileType = sourcecode.cpp.h; path = user.hpp; sourceTree = "<group>"; };
		359F83381CFFEE2F00273C66 /* transaction.h */ = {isa = PBXFileReference; lastKnownFileType = sourcecode.c.h; path = transaction.h; sourceTree = "<group>"; };
		359F833A1CFFEFC400273C66 /* md5.cpp */ = {isa = PBXFileReference; fileEncoding = 4; lastKnownFileType = sourcecode.cpp.cpp; path = md5.cpp; sourceTree = "<group>"; };
		359F833B1CFFEFC400273C66 /* md5.hpp */ = {isa = PBXFileReference; fileEncoding = 4; lastKnownFileType = sourcecode.cpp.h; path = md5.hpp; sourceTree = "<group>"; };
		359F83941D010B0B00273C66 /* auth.json */ = {isa = PBXFileReference; fileEncoding = 4; lastKnownFileType = text.json; path = auth.json; sourceTree = "<group>"; };
/* End PBXFileReference section */

/* Begin PBXFrameworksBuildPhase section */
		359F83181CFFEBB400273C66 /* Frameworks */ = {
			isa = PBXFrameworksBuildPhase;
			buildActionMask = 2147483647;
			files = (
				359F83331CFFED5300273C66 /* CoreFoundation.framework in Frameworks */,
				359F83301CFFED4500273C66 /* libcrypto.1.0.0.dylib in Frameworks */,
				359F83311CFFED4500273C66 /* libssl.1.0.0.dylib in Frameworks */,
				359F832A1CFFED2A00273C66 /* libboost_chrono-mt.dylib in Frameworks */,
				359F832B1CFFED2A00273C66 /* libboost_system-mt.dylib in Frameworks */,
				359F832C1CFFED2A00273C66 /* libboost_thread-mt.dylib in Frameworks */,
				359F832D1CFFED2A00273C66 /* libcpprest.2.8.dylib in Frameworks */,
			);
			runOnlyForDeploymentPostprocessing = 0;
		};
/* End PBXFrameworksBuildPhase section */

/* Begin PBXGroup section */
		359F83121CFFEBB400273C66 = {
			isa = PBXGroup;
			children = (
				359F83321CFFED5300273C66 /* CoreFoundation.framework */,
				359F832E1CFFED4500273C66 /* libcrypto.1.0.0.dylib */,
				359F832F1CFFED4500273C66 /* libssl.1.0.0.dylib */,
				359F83261CFFED2A00273C66 /* libboost_chrono-mt.dylib */,
				359F83271CFFED2A00273C66 /* libboost_system-mt.dylib */,
				359F83281CFFED2A00273C66 /* libboost_thread-mt.dylib */,
				359F83291CFFED2A00273C66 /* libcpprest.2.8.dylib */,
				359F831D1CFFEBB400273C66 /* Client */,
				359F831C1CFFEBB400273C66 /* Products */,
			);
			sourceTree = "<group>";
		};
		359F831C1CFFEBB400273C66 /* Products */ = {
			isa = PBXGroup;
			children = (
				359F831B1CFFEBB400273C66 /* Client */,
			);
			name = Products;
			sourceTree = "<group>";
		};
		359F831D1CFFEBB400273C66 /* Client */ = {
			isa = PBXGroup;
			children = (
				359F831E1CFFEBB400273C66 /* main.cpp */,
				359F83251CFFEC0900273C66 /* client.h */,
				359F83341CFFEDAF00273C66 /* user.cpp */,
				359F83351CFFEDAF00273C66 /* user.hpp */,
				359F83381CFFEE2F00273C66 /* transaction.h */,
				359F833A1CFFEFC400273C66 /* md5.cpp */,
				359F833B1CFFEFC400273C66 /* md5.hpp */,
				359F83941D010B0B00273C66 /* auth.json */,
			);
			path = Client;
			sourceTree = "<group>";
		};
/* End PBXGroup section */

/* Begin PBXNativeTarget section */
		359F831A1CFFEBB400273C66 /* Client */ = {
			isa = PBXNativeTarget;
			buildConfigurationList = 359F83221CFFEBB400273C66 /* Build configuration list for PBXNativeTarget "Client" */;
			buildPhases = (
				359F83171CFFEBB400273C66 /* Sources */,
				359F83181CFFEBB400273C66 /* Frameworks */,
				359F83191CFFEBB400273C66 /* CopyFiles */,
			);
			buildRules = (
			);
			dependencies = (
			);
			name = Client;
			productName = Client;
			productReference = 359F831B1CFFEBB400273C66 /* Client */;
			productType = "com.apple.product-type.tool";
		};
/* End PBXNativeTarget section */

/* Begin PBXProject section */
		359F83131CFFEBB400273C66 /* Project object */ = {
			isa = PBXProject;
			attributes = {
				LastUpgradeCheck = 0730;
				ORGANIZATIONNAME = "Thinh Hung Ly";
				TargetAttributes = {
					359F831A1CFFEBB400273C66 = {
						CreatedOnToolsVersion = 7.3;
					};
				};
			};
			buildConfigurationList = 359F83161CFFEBB400273C66 /* Build configuration list for PBXProject "Client" */;
			compatibilityVersion = "Xcode 3.2";
			developmentRegion = English;
			hasScannedForEncodings = 0;
			knownRegions = (
				en,
			);
			mainGroup = 359F83121CFFEBB400273C66;
			productRefGroup = 359F831C1CFFEBB400273C66 /* Products */;
			projectDirPath = "";
			projectRoot = "";
			targets = (
				359F831A1CFFEBB400273C66 /* Client */,
			);
		};
/* End PBXProject section */

/* Begin PBXSourcesBuildPhase section */
		359F83171CFFEBB400273C66 /* Sources */ = {
			isa = PBXSourcesBuildPhase;
			buildActionMask = 2147483647;
			files = (
				359F833C1CFFEFC400273C66 /* md5.cpp in Sources */,
				359F83361CFFEDAF00273C66 /* user.cpp in Sources */,
				359F831F1CFFEBB400273C66 /* main.cpp in Sources */,
			);
			runOnlyForDeploymentPostprocessing = 0;
		};
/* End PBXSourcesBuildPhase section */

/* Begin XCBuildConfiguration section */
		359F83201CFFEBB400273C66 /* Debug */ = {
			isa = XCBuildConfiguration;
			buildSettings = {
				ALWAYS_SEARCH_USER_PATHS = NO;
				CLANG_ANALYZER_NONNULL = YES;
				CLANG_CXX_LANGUAGE_STANDARD = "gnu++0x";
				CLANG_CXX_LIBRARY = "libc++";
				CLANG_ENABLE_MODULES = YES;
				CLANG_ENABLE_OBJC_ARC = YES;
				CLANG_WARN_BOOL_CONVERSION = YES;
				CLANG_WARN_CONSTANT_CONVERSION = YES;
				CLANG_WARN_DIRECT_OBJC_ISA_USAGE = YES_ERROR;
				CLANG_WARN_EMPTY_BODY = YES;
				CLANG_WARN_ENUM_CONVERSION = YES;
				CLANG_WARN_INT_CONVERSION = YES;
				CLANG_WARN_OBJC_ROOT_CLASS = YES_ERROR;
				CLANG_WARN_UNREACHABLE_CODE = YES;
				CLANG_WARN__DUPLICATE_METHOD_MATCH = YES;
				CODE_SIGN_IDENTITY = "-";
				COPY_PHASE_STRIP = NO;
				DEBUG_INFORMATION_FORMAT = dwarf;
				ENABLE_STRICT_OBJC_MSGSEND = YES;
				ENABLE_TESTABILITY = YES;
				GCC_C_LANGUAGE_STANDARD = gnu99;
				GCC_DYNAMIC_NO_PIC = NO;
				GCC_NO_COMMON_BLOCKS = YES;
				GCC_OPTIMIZATION_LEVEL = 0;
				GCC_PREPROCESSOR_DEFINITIONS = (
					"DEBUG=1",
					"$(inherited)",
				);
				GCC_WARN_64_TO_32_BIT_CONVERSION = YES;
				GCC_WARN_ABOUT_RETURN_TYPE = YES_ERROR;
				GCC_WARN_UNDECLARED_SELECTOR = YES;
				GCC_WARN_UNINITIALIZED_AUTOS = YES_AGGRESSIVE;
				GCC_WARN_UNUSED_FUNCTION = YES;
				GCC_WARN_UNUSED_VARIABLE = YES;
				MACOSX_DEPLOYMENT_TARGET = 10.11;
				MTL_ENABLE_DEBUG_INFO = YES;
				ONLY_ACTIVE_ARCH = YES;
				SDKROOT = macosx;
			};
			name = Debug;
		};
		359F83211CFFEBB400273C66 /* Release */ = {
			isa = XCBuildConfiguration;
			buildSettings = {
				ALWAYS_SEARCH_USER_PATHS = NO;
				CLANG_ANALYZER_NONNULL = YES;
				CLANG_CXX_LANGUAGE_STANDARD = "gnu++0x";
				CLANG_CXX_LIBRARY = "libc++";
				CLANG_ENABLE_MODULES = YES;
				CLANG_ENABLE_OBJC_ARC = YES;
				CLANG_WARN_BOOL_CONVERSION = YES;
				CLANG_WARN_CONSTANT_CONVERSION = YES;
				CLANG_WARN_DIRECT_OBJC_ISA_USAGE = YES_ERROR;
				CLANG_WARN_EMPTY_BODY = YES;
				CLANG_WARN_ENUM_CONVERSION = YES;
				CLANG_WARN_INT_CONVERSION = YES;
				CLANG_WARN_OBJC_ROOT_CLASS = YES_ERROR;
				CLANG_WARN_UNREACHABLE_CODE = YES;
				CLANG_WARN__DUPLICATE_METHOD_MATCH = YES;
				CODE_SIGN_IDENTITY = "-";
				COPY_PHASE_STRIP = NO;
				DEBUG_INFORMATION_FORMAT = "dwarf-with-dsym";
				ENABLE_NS_ASSERTIONS = NO;
				ENABLE_STRICT_OBJC_MSGSEND = YES;
				GCC_C_LANGUAGE_STANDARD = gnu99;
				GCC_NO_COMMON_BLOCKS = YES;
				GCC_WARN_64_TO_32_BIT_CONVERSION = YES;
				GCC_WARN_ABOUT_RETURN_TYPE = YES_ERROR;
				GCC_WARN_UNDECLARED_SELECTOR = YES;
				GCC_WARN_UNINITIALIZED_AUTOS = YES_AGGRESSIVE;
				GCC_WARN_UNUSED_FUNCTION = YES;
				GCC_WARN_UNUSED_VARIABLE = YES;
				MACOSX_DEPLOYMENT_TARGET = 10.11;
				MTL_ENABLE_DEBUG_INFO = NO;
				SDKROOT = macosx;
			};
			name = Release;
		};
		359F83231CFFEBB400273C66 /* Debug */ = {
			isa = XCBuildConfiguration;
			buildSettings = {
				CLANG_CXX_LANGUAGE_STANDARD = "c++0x";
				HEADER_SEARCH_PATHS = (
					/usr/local/include,
					/usr/local/opt/openssl/include,
				);
				LIBRARY_SEARCH_PATHS = (
					/usr/local/lib,
					/usr/local/opt/openssl/lib,
					/usr/local/Cellar/openssl/1.0.2h_1/lib,
				);
				PRODUCT_NAME = "$(TARGET_NAME)";
			};
			name = Debug;
		};
		359F83241CFFEBB400273C66 /* Release */ = {
			isa = XCBuildConfiguration;
			buildSettings = {
				CLANG_CXX_LANGUAGE_STANDARD = "c++0x";
				HEADER_SEARCH_PATHS = (
					/usr/local/include,
					/usr/local/opt/openssl/include,
				);
				LIBRARY_SEARCH_PATHS = (
					/usr/local/lib,
					/usr/local/opt/openssl/lib,
					/usr/local/Cellar/openssl/1.0.2h_1/lib,
				);
				PRODUCT_NAME = "$(TARGET_NAME)";
			};
			name = Release;
		};
/* End XCBuildConfiguration section */

/* Begin XCConfigurationList section */
		359F83161CFFEBB400273C66 /* Build configuration list for PBXProject "Client" */ = {
			isa = XCConfigurationList;
			buildConfigurations = (
				359F83201CFFEBB400273C66 /* Debug */,
				359F83211CFFEBB400273C66 /* Release */,
			);
			defaultConfigurationIsVisible = 0;
			defaultConfigurationName = Release;
		};
		359F83221CFFEBB400273C66 /* Build configuration list for PBXNativeTarget "Client" */ = {
			isa = XCConfigurationList;
			buildConfigurations = (
				359F83231CFFEBB400273C66 /* Debug */,
				359F83241CFFEBB400273C66 /* Release */,
			);
			defaultConfigurationIsVisible = 0;
			defaultConfigurationName = Release;
		};
/* End XCConfigurationList section */
	};
	rootObject = 359F83131CFFEBB400273C66 /* Project object */;
}
