// !$*UTF8*$!
{
	archiveVersion = 1;
	classes = {
	};
	objectVersion = 46;
	objects = {

/* Begin PBXBuildFile section */
		359F834A1D0017D300273C66 /* main.cpp in Sources */ = {isa = PBXBuildFile; fileRef = 359F83491D0017D300273C66 /* main.cpp */; };
		359F83511D00184900273C66 /* CoreFoundation.framework in Frameworks */ = {isa = PBXBuildFile; fileRef = 359F83501D00184900273C66 /* CoreFoundation.framework */; };
		359F83541D00185800273C66 /* libcrypto.1.0.0.dylib in Frameworks */ = {isa = PBXBuildFile; fileRef = 359F83521D00185800273C66 /* libcrypto.1.0.0.dylib */; };
		359F83551D00185800273C66 /* libssl.1.0.0.dylib in Frameworks */ = {isa = PBXBuildFile; fileRef = 359F83531D00185800273C66 /* libssl.1.0.0.dylib */; };
		359F83591D00188100273C66 /* libboost_chrono-mt.dylib in Frameworks */ = {isa = PBXBuildFile; fileRef = 359F83561D00188100273C66 /* libboost_chrono-mt.dylib */; };
		359F835A1D00188100273C66 /* libboost_system-mt.dylib in Frameworks */ = {isa = PBXBuildFile; fileRef = 359F83571D00188100273C66 /* libboost_system-mt.dylib */; };
		359F835B1D00188100273C66 /* libboost_thread-mt.dylib in Frameworks */ = {isa = PBXBuildFile; fileRef = 359F83581D00188100273C66 /* libboost_thread-mt.dylib */; };
		359F835D1D00188F00273C66 /* libcpprest.2.8.dylib in Frameworks */ = {isa = PBXBuildFile; fileRef = 359F835C1D00188F00273C66 /* libcpprest.2.8.dylib */; };
		359F83601D0018C000273C66 /* server.cpp in Sources */ = {isa = PBXBuildFile; fileRef = 359F835E1D0018C000273C66 /* server.cpp */; };
		359F83631D00190100273C66 /* user.cpp in Sources */ = {isa = PBXBuildFile; fileRef = 359F83611D00190100273C66 /* user.cpp */; };
		359F83661D00194100273C66 /* md5.cpp in Sources */ = {isa = PBXBuildFile; fileRef = 359F83641D00194100273C66 /* md5.cpp */; };
		359F83691D0019EB00273C66 /* transaction.cpp in Sources */ = {isa = PBXBuildFile; fileRef = 359F83671D0019EB00273C66 /* transaction.cpp */; };
		359F83921D01069D00273C66 /* client.cpp in Sources */ = {isa = PBXBuildFile; fileRef = 359F83901D01069D00273C66 /* client.cpp */; };
/* End PBXBuildFile section */

/* Begin PBXCopyFilesBuildPhase section */
		359F83441D0017D300273C66 /* CopyFiles */ = {
			isa = PBXCopyFilesBuildPhase;
			buildActionMask = 2147483647;
			dstPath = /usr/share/man/man1/;
			dstSubfolderSpec = 0;
			files = (
			);
			runOnlyForDeploymentPostprocessing = 1;
		};
/* End PBXCopyFilesBuildPhase section */

/* Begin PBXFileReference section */
		359F83461D0017D300273C66 /* Server */ = {isa = PBXFileReference; explicitFileType = "compiled.mach-o.executable"; includeInIndex = 0; path = Server; sourceTree = BUILT_PRODUCTS_DIR; };
		359F83491D0017D300273C66 /* main.cpp */ = {isa = PBXFileReference; lastKnownFileType = sourcecode.cpp.cpp; path = main.cpp; sourceTree = "<group>"; };
		359F83501D00184900273C66 /* CoreFoundation.framework */ = {isa = PBXFileReference; lastKnownFileType = wrapper.framework; name = CoreFoundation.framework; path = System/Library/Frameworks/CoreFoundation.framework; sourceTree = SDKROOT; };
		359F83521D00185800273C66 /* libcrypto.1.0.0.dylib */ = {isa = PBXFileReference; lastKnownFileType = "compiled.mach-o.dylib"; name = libcrypto.1.0.0.dylib; path = ../../../../usr/local/Cellar/openssl/1.0.2h_1/lib/libcrypto.1.0.0.dylib; sourceTree = "<group>"; };
		359F83531D00185800273C66 /* libssl.1.0.0.dylib */ = {isa = PBXFileReference; lastKnownFileType = "compiled.mach-o.dylib"; name = libssl.1.0.0.dylib; path = ../../../../usr/local/Cellar/openssl/1.0.2h_1/lib/libssl.1.0.0.dylib; sourceTree = "<group>"; };
		359F83561D00188100273C66 /* libboost_chrono-mt.dylib */ = {isa = PBXFileReference; lastKnownFileType = "compiled.mach-o.dylib"; name = "libboost_chrono-mt.dylib"; path = "../../../../usr/local/lib/libboost_chrono-mt.dylib"; sourceTree = "<group>"; };
		359F83571D00188100273C66 /* libboost_system-mt.dylib */ = {isa = PBXFileReference; lastKnownFileType = "compiled.mach-o.dylib"; name = "libboost_system-mt.dylib"; path = "../../../../usr/local/lib/libboost_system-mt.dylib"; sourceTree = "<group>"; };
		359F83581D00188100273C66 /* libboost_thread-mt.dylib */ = {isa = PBXFileReference; lastKnownFileType = "compiled.mach-o.dylib"; name = "libboost_thread-mt.dylib"; path = "../../../../usr/local/lib/libboost_thread-mt.dylib"; sourceTree = "<group>"; };
		359F835C1D00188F00273C66 /* libcpprest.2.8.dylib */ = {isa = PBXFileReference; lastKnownFileType = "compiled.mach-o.dylib"; name = libcpprest.2.8.dylib; path = ../../../../usr/local/lib/libcpprest.2.8.dylib; sourceTree = "<group>"; };
		359F835E1D0018C000273C66 /* server.cpp */ = {isa = PBXFileReference; fileEncoding = 4; lastKnownFileType = sourcecode.cpp.cpp; path = server.cpp; sourceTree = "<group>"; };
		359F835F1D0018C000273C66 /* server.hpp */ = {isa = PBXFileReference; fileEncoding = 4; lastKnownFileType = sourcecode.cpp.h; path = server.hpp; sourceTree = "<group>"; };
		359F83611D00190100273C66 /* user.cpp */ = {isa = PBXFileReference; fileEncoding = 4; lastKnownFileType = sourcecode.cpp.cpp; path = user.cpp; sourceTree = "<group>"; };
		359F83621D00190100273C66 /* user.hpp */ = {isa = PBXFileReference; fileEncoding = 4; lastKnownFileType = sourcecode.cpp.h; path = user.hpp; sourceTree = "<group>"; };
		359F83641D00194100273C66 /* md5.cpp */ = {isa = PBXFileReference; fileEncoding = 4; lastKnownFileType = sourcecode.cpp.cpp; path = md5.cpp; sourceTree = "<group>"; };
		359F83651D00194100273C66 /* md5.hpp */ = {isa = PBXFileReference; fileEncoding = 4; lastKnownFileType = sourcecode.cpp.h; path = md5.hpp; sourceTree = "<group>"; };
		359F83671D0019EB00273C66 /* transaction.cpp */ = {isa = PBXFileReference; fileEncoding = 4; lastKnownFileType = sourcecode.cpp.cpp; path = transaction.cpp; sourceTree = "<group>"; };
		359F83681D0019EB00273C66 /* transaction.hpp */ = {isa = PBXFileReference; fileEncoding = 4; lastKnownFileType = sourcecode.cpp.h; path = transaction.hpp; sourceTree = "<group>"; };
		359F836A1D0020EB00273C66 /* data.json */ = {isa = PBXFileReference; fileEncoding = 4; lastKnownFileType = text.json; path = data.json; sourceTree = "<group>"; };
		359F838F1D01066800273C66 /* client_login.dat */ = {isa = PBXFileReference; fileEncoding = 4; lastKnownFileType = text; path = client_login.dat; sourceTree = "<group>"; };
		359F83901D01069D00273C66 /* client.cpp */ = {isa = PBXFileReference; fileEncoding = 4; lastKnownFileType = sourcecode.cpp.cpp; path = client.cpp; sourceTree = "<group>"; };
		359F83911D01069D00273C66 /* client.hpp */ = {isa = PBXFileReference; fileEncoding = 4; lastKnownFileType = sourcecode.cpp.h; path = client.hpp; sourceTree = "<group>"; };
/* End PBXFileReference section */

/* Begin PBXFrameworksBuildPhase section */
		359F83431D0017D300273C66 /* Frameworks */ = {
			isa = PBXFrameworksBuildPhase;
			buildActionMask = 2147483647;
			files = (
				359F835D1D00188F00273C66 /* libcpprest.2.8.dylib in Frameworks */,
				359F83591D00188100273C66 /* libboost_chrono-mt.dylib in Frameworks */,
				359F835A1D00188100273C66 /* libboost_system-mt.dylib in Frameworks */,
				359F835B1D00188100273C66 /* libboost_thread-mt.dylib in Frameworks */,
				359F83541D00185800273C66 /* libcrypto.1.0.0.dylib in Frameworks */,
				359F83551D00185800273C66 /* libssl.1.0.0.dylib in Frameworks */,
				359F83511D00184900273C66 /* CoreFoundation.framework in Frameworks */,
			);
			runOnlyForDeploymentPostprocessing = 0;
		};
/* End PBXFrameworksBuildPhase section */

/* Begin PBXGroup section */
		359F833D1D0017D300273C66 = {
			isa = PBXGroup;
			children = (
				359F835C1D00188F00273C66 /* libcpprest.2.8.dylib */,
				359F83561D00188100273C66 /* libboost_chrono-mt.dylib */,
				359F83571D00188100273C66 /* libboost_system-mt.dylib */,
				359F83581D00188100273C66 /* libboost_thread-mt.dylib */,
				359F83521D00185800273C66 /* libcrypto.1.0.0.dylib */,
				359F83531D00185800273C66 /* libssl.1.0.0.dylib */,
				359F83501D00184900273C66 /* CoreFoundation.framework */,
				359F83481D0017D300273C66 /* Server */,
				359F83471D0017D300273C66 /* Products */,
			);
			sourceTree = "<group>";
		};
		359F83471D0017D300273C66 /* Products */ = {
			isa = PBXGroup;
			children = (
				359F83461D0017D300273C66 /* Server */,
			);
			name = Products;
			sourceTree = "<group>";
		};
		359F83481D0017D300273C66 /* Server */ = {
			isa = PBXGroup;
			children = (
				359F83491D0017D300273C66 /* main.cpp */,
				359F835E1D0018C000273C66 /* server.cpp */,
				359F835F1D0018C000273C66 /* server.hpp */,
				359F83611D00190100273C66 /* user.cpp */,
				359F83621D00190100273C66 /* user.hpp */,
				359F83641D00194100273C66 /* md5.cpp */,
				359F83651D00194100273C66 /* md5.hpp */,
				359F83671D0019EB00273C66 /* transaction.cpp */,
				359F83681D0019EB00273C66 /* transaction.hpp */,
				359F836A1D0020EB00273C66 /* data.json */,
				359F838F1D01066800273C66 /* client_login.dat */,
				359F83901D01069D00273C66 /* client.cpp */,
				359F83911D01069D00273C66 /* client.hpp */,
			);
			path = Server;
			sourceTree = "<group>";
		};
/* End PBXGroup section */

/* Begin PBXNativeTarget section */
		359F83451D0017D300273C66 /* Server */ = {
			isa = PBXNativeTarget;
			buildConfigurationList = 359F834D1D0017D300273C66 /* Build configuration list for PBXNativeTarget "Server" */;
			buildPhases = (
				359F83421D0017D300273C66 /* Sources */,
				359F83431D0017D300273C66 /* Frameworks */,
				359F83441D0017D300273C66 /* CopyFiles */,
			);
			buildRules = (
			);
			dependencies = (
			);
			name = Server;
			productName = Server;
			productReference = 359F83461D0017D300273C66 /* Server */;
			productType = "com.apple.product-type.tool";
		};
/* End PBXNativeTarget section */

/* Begin PBXProject section */
		359F833E1D0017D300273C66 /* Project object */ = {
			isa = PBXProject;
			attributes = {
				LastUpgradeCheck = 0730;
				ORGANIZATIONNAME = "Thinh Hung Ly";
				TargetAttributes = {
					359F83451D0017D300273C66 = {
						CreatedOnToolsVersion = 7.3;
					};
				};
			};
			buildConfigurationList = 359F83411D0017D300273C66 /* Build configuration list for PBXProject "Server" */;
			compatibilityVersion = "Xcode 3.2";
			developmentRegion = English;
			hasScannedForEncodings = 0;
			knownRegions = (
				en,
			);
			mainGroup = 359F833D1D0017D300273C66;
			productRefGroup = 359F83471D0017D300273C66 /* Products */;
			projectDirPath = "";
			projectRoot = "";
			targets = (
				359F83451D0017D300273C66 /* Server */,
			);
		};
/* End PBXProject section */

/* Begin PBXSourcesBuildPhase section */
		359F83421D0017D300273C66 /* Sources */ = {
			isa = PBXSourcesBuildPhase;
			buildActionMask = 2147483647;
			files = (
				359F83691D0019EB00273C66 /* transaction.cpp in Sources */,
				359F83601D0018C000273C66 /* server.cpp in Sources */,
				359F83921D01069D00273C66 /* client.cpp in Sources */,
				359F834A1D0017D300273C66 /* main.cpp in Sources */,
				359F83661D00194100273C66 /* md5.cpp in Sources */,
				359F83631D00190100273C66 /* user.cpp in Sources */,
			);
			runOnlyForDeploymentPostprocessing = 0;
		};
/* End PBXSourcesBuildPhase section */

/* Begin XCBuildConfiguration section */
		359F834B1D0017D300273C66 /* Debug */ = {
			isa = XCBuildConfiguration;
			buildSettings = {
				ALWAYS_SEARCH_USER_PATHS = NO;
				CLANG_ANALYZER_NONNULL = YES;
				CLANG_CXX_LANGUAGE_STANDARD = "gnu++0x";
				CLANG_CXX_LIBRARY = "libc++";
				CLANG_ENABLE_MODULES = YES;
				CLANG_ENABLE_OBJC_ARC = YES;
				CLANG_WARN_BOOL_CONVERSION = YES;
				CLANG_WARN_CONSTANT_CONVERSION = YES;
				CLANG_WARN_DIRECT_OBJC_ISA_USAGE = YES_ERROR;
				CLANG_WARN_EMPTY_BODY = YES;
				CLANG_WARN_ENUM_CONVERSION = YES;
				CLANG_WARN_INT_CONVERSION = YES;
				CLANG_WARN_OBJC_ROOT_CLASS = YES_ERROR;
				CLANG_WARN_UNREACHABLE_CODE = YES;
				CLANG_WARN__DUPLICATE_METHOD_MATCH = YES;
				CODE_SIGN_IDENTITY = "-";
				COPY_PHASE_STRIP = NO;
				DEBUG_INFORMATION_FORMAT = dwarf;
				ENABLE_STRICT_OBJC_MSGSEND = YES;
				ENABLE_TESTABILITY = YES;
				GCC_C_LANGUAGE_STANDARD = gnu99;
				GCC_DYNAMIC_NO_PIC = NO;
				GCC_NO_COMMON_BLOCKS = YES;
				GCC_OPTIMIZATION_LEVEL = 0;
				GCC_PREPROCESSOR_DEFINITIONS = (
					"DEBUG=1",
					"$(inherited)",
				);
				GCC_WARN_64_TO_32_BIT_CONVERSION = YES;
				GCC_WARN_ABOUT_RETURN_TYPE = YES_ERROR;
				GCC_WARN_UNDECLARED_SELECTOR = YES;
				GCC_WARN_UNINITIALIZED_AUTOS = YES_AGGRESSIVE;
				GCC_WARN_UNUSED_FUNCTION = YES;
				GCC_WARN_UNUSED_VARIABLE = YES;
				MACOSX_DEPLOYMENT_TARGET = 10.11;
				MTL_ENABLE_DEBUG_INFO = YES;
				ONLY_ACTIVE_ARCH = YES;
				SDKROOT = macosx;
			};
			name = Debug;
		};
		359F834C1D0017D300273C66 /* Release */ = {
			isa = XCBuildConfiguration;
			buildSettings = {
				ALWAYS_SEARCH_USER_PATHS = NO;
				CLANG_ANALYZER_NONNULL = YES;
				CLANG_CXX_LANGUAGE_STANDARD = "gnu++0x";
				CLANG_CXX_LIBRARY = "libc++";
				CLANG_ENABLE_MODULES = YES;
				CLANG_ENABLE_OBJC_ARC = YES;
				CLANG_WARN_BOOL_CONVERSION = YES;
				CLANG_WARN_CONSTANT_CONVERSION = YES;
				CLANG_WARN_DIRECT_OBJC_ISA_USAGE = YES_ERROR;
				CLANG_WARN_EMPTY_BODY = YES;
				CLANG_WARN_ENUM_CONVERSION = YES;
				CLANG_WARN_INT_CONVERSION = YES;
				CLANG_WARN_OBJC_ROOT_CLASS = YES_ERROR;
				CLANG_WARN_UNREACHABLE_CODE = YES;
				CLANG_WARN__DUPLICATE_METHOD_MATCH = YES;
				CODE_SIGN_IDENTITY = "-";
				COPY_PHASE_STRIP = NO;
				DEBUG_INFORMATION_FORMAT = "dwarf-with-dsym";
				ENABLE_NS_ASSERTIONS = NO;
				ENABLE_STRICT_OBJC_MSGSEND = YES;
				GCC_C_LANGUAGE_STANDARD = gnu99;
				GCC_NO_COMMON_BLOCKS = YES;
				GCC_WARN_64_TO_32_BIT_CONVERSION = YES;
				GCC_WARN_ABOUT_RETURN_TYPE = YES_ERROR;
				GCC_WARN_UNDECLARED_SELECTOR = YES;
				GCC_WARN_UNINITIALIZED_AUTOS = YES_AGGRESSIVE;
				GCC_WARN_UNUSED_FUNCTION = YES;
				GCC_WARN_UNUSED_VARIABLE = YES;
				MACOSX_DEPLOYMENT_TARGET = 10.11;
				MTL_ENABLE_DEBUG_INFO = NO;
				SDKROOT = macosx;
			};
			name = Release;
		};
		359F834E1D0017D300273C66 /* Debug */ = {
			isa = XCBuildConfiguration;
			buildSettings = {
				CLANG_CXX_LANGUAGE_STANDARD = "c++0x";
				GCC_C_LANGUAGE_STANDARD = "compiler-default";
				HEADER_SEARCH_PATHS = (
					/usr/local/include,
					/usr/local/opt/openssl/include,
					/Users/thinhly/googletest/googletest/include/,
				);
				LIBRARY_SEARCH_PATHS = (
					/usr/local/lib,
					/usr/local/opt/openssl/lib,
					/usr/local/Cellar/openssl/1.0.2h_1/lib,
					/Users/thinhly/googletest/build/googlemock/gtest,
				);
				PRODUCT_NAME = "$(TARGET_NAME)";
			};
			name = Debug;
		};
		359F834F1D0017D300273C66 /* Release */ = {
			isa = XCBuildConfiguration;
			buildSettings = {
				CLANG_CXX_LANGUAGE_STANDARD = "c++0x";
				GCC_C_LANGUAGE_STANDARD = "compiler-default";
				HEADER_SEARCH_PATHS = (
					/usr/local/include,
					/usr/local/opt/openssl/include,
					/Users/thinhly/googletest/googletest/include/,
				);
				LIBRARY_SEARCH_PATHS = (
					/usr/local/lib,
					/usr/local/opt/openssl/lib,
					/usr/local/Cellar/openssl/1.0.2h_1/lib,
					/Users/thinhly/googletest/build/googlemock/gtest,
				);
				PRODUCT_NAME = "$(TARGET_NAME)";
			};
			name = Release;
		};
/* End XCBuildConfiguration section */

/* Begin XCConfigurationList section */
		359F83411D0017D300273C66 /* Build configuration list for PBXProject "Server" */ = {
			isa = XCConfigurationList;
			buildConfigurations = (
				359F834B1D0017D300273C66 /* Debug */,
				359F834C1D0017D300273C66 /* Release */,
			);
			defaultConfigurationIsVisible = 0;
			defaultConfigurationName = Release;
		};
		359F834D1D0017D300273C66 /* Build configuration list for PBXNativeTarget "Server" */ = {
			isa = XCConfigurationList;
			buildConfigurations = (
				359F834E1D0017D300273C66 /* Debug */,
				359F834F1D0017D300273C66 /* Release */,
			);
			defaultConfigurationIsVisible = 0;
			defaultConfigurationName = Release;
		};
/* End XCConfigurationList section */
	};
	rootObject = 359F833E1D0017D300273C66 /* Project object */;
}
